version = 0

[requires]
  seajson = {version = "1.4.7", output-type = "static"}
  sonyflake = {version = "1.0.9"}
  cjpminfo = {version = "1.2.0"}
  embed = {version = "1.0.7"}
  "opencj::ulid" = {version = "0.1.2"}
  markit = {version = "0.0.4"}
  tang = {version = "1.0.2"}
  "opencj::multipart" = {version = "0.1.3"}
